
Microsoft Visual Studio Solution File, Format Version 12.00
Project("{FAE04EC0-301F-11D3-BF4B-00C04F79EFBC}") = "ArmazemInteligente", "ArmazemInteligente.csproj", "{FF52D882-A1FE-4D74-B2B1-CB1C6D180966}"
EndProject
Global
	GlobalSection(SolutionConfigurationPlatforms) = preSolution
		Debug|Any CPU = Debug|Any CPU
		Release|Any CPU = Release|Any CPU
	EndGlobalSection
	GlobalSection(ProjectConfigurationPlatforms) = postSolution
		{FF52D882-A1FE-4D74-B2B1-CB1C6D180966}.Debug|Any CPU.ActiveCfg = Debug|Any CPU
		{FF52D882-A1FE-4D74-B2B1-CB1C6D180966}.Debug|Any CPU.Build.0 = Debug|Any CPU
		{FF52D882-A1FE-4D74-B2B1-CB1C6D180966}.Release|Any CPU.ActiveCfg = Release|Any CPU
		{FF52D882-A1FE-4D74-B2B1-CB1C6D180966}.Release|Any CPU.Build.0 = Release|Any CPU
	EndGlobalSection
EndGlobal
